
Microsoft Visual Studio Solution File, Format Version 11.00
# Visual Studio 2010
Project("{FAE04EC0-301F-11D3-BF4B-00C04F79EFBC}") = "Assembly-CSharp", "Assembly-CSharp.csproj", "{BF2C2477-41C5-A426-C539-7C935A27E8DC}"
EndProject
Project("{FAE04EC0-301F-11D3-BF4B-00C04F79EFBC}") = "Assembly-CSharp-Editor", "Assembly-CSharp-Editor.csproj", "{3A124F5B-97BB-5CE6-AB46-F8EEB2882F3B}"
EndProject
Global
	GlobalSection(SolutionConfigurationPlatforms) = preSolution
		Debug|Any CPU = Debug|Any CPU
		Release|Any CPU = Release|Any CPU
	EndGlobalSection
	GlobalSection(ProjectConfigurationPlatforms) = postSolution
		{BF2C2477-41C5-A426-C539-7C935A27E8DC}.Debug|Any CPU.ActiveCfg = Debug|Any CPU
		{BF2C2477-41C5-A426-C539-7C935A27E8DC}.Debug|Any CPU.Build.0 = Debug|Any CPU
		{BF2C2477-41C5-A426-C539-7C935A27E8DC}.Release|Any CPU.ActiveCfg = Release|Any CPU
		{BF2C2477-41C5-A426-C539-7C935A27E8DC}.Release|Any CPU.Build.0 = Release|Any CPU
		{3A124F5B-97BB-5CE6-AB46-F8EEB2882F3B}.Debug|Any CPU.ActiveCfg = Debug|Any CPU
		{3A124F5B-97BB-5CE6-AB46-F8EEB2882F3B}.Debug|Any CPU.Build.0 = Debug|Any CPU
		{3A124F5B-97BB-5CE6-AB46-F8EEB2882F3B}.Release|Any CPU.ActiveCfg = Release|Any CPU
		{3A124F5B-97BB-5CE6-AB46-F8EEB2882F3B}.Release|Any CPU.Build.0 = Release|Any CPU
	EndGlobalSection
	GlobalSection(SolutionProperties) = preSolution
		HideSolutionNode = FALSE
	EndGlobalSection
	GlobalSection(MonoDevelopProperties) = preSolution
		StartupItem = Assembly-CSharp.csproj
	EndGlobalSection
EndGlobal
